
Microsoft Visual Studio Solution File, Format Version 12.00
# Visual Studio Version 16
VisualStudioVersion = 16.0.810.13
MinimumVisualStudioVersion = 10.0.40219.1
Project("{FAE04EC0-301F-11D3-BF4B-00C04F79EFBC}") = "CoffeeOrder.Android", "CoffeeOrder.Android\CoffeeOrder.Android.csproj", "{F5BA0522-257E-44CC-8E89-BC7D66AA7760}"
EndProject
Project("{FAE04EC0-301F-11D3-BF4B-00C04F79EFBC}") = "CoffeeOrder.iOS", "CoffeeOrder.iOS\CoffeeOrder.iOS.csproj", "{5656A26C-1EA4-4A03-B838-46B72A8A27C3}"
EndProject
Project("{FAE04EC0-301F-11D3-BF4B-00C04F79EFBC}") = "CoffeeOrder", "CoffeeOrder\CoffeeOrder.csproj", "{1CDE4AF5-AEF6-42F0-8AB3-4EC14FC2DC6F}"
EndProject
Project("{FAE04EC0-301F-11D3-BF4B-00C04F79EFBC}") = "CoffeeWebAPI", "CoffeeWebAPI\CoffeeWebAPI.csproj", "{C5E3DBA0-C257-4867-B811-F4A8A0D4506F}"
EndProject
Project("{2150E333-8FDC-42A3-9474-1A3956D46DE8}") = "Solution Items", "Solution Items", "{661ED921-E132-48F7-BA77-6396C18F0AAE}"
	ProjectSection(SolutionItems) = preProject
		.editorconfig = .editorconfig
	EndProjectSection
EndProject
Global
	GlobalSection(SolutionConfigurationPlatforms) = preSolution
		Debug|Any CPU = Debug|Any CPU
		Release|Any CPU = Release|Any CPU
		Debug|iPhoneSimulator = Debug|iPhoneSimulator
		Release|iPhoneSimulator = Release|iPhoneSimulator
		Debug|iPhone = Debug|iPhone
		Release|iPhone = Release|iPhone
	EndGlobalSection
	GlobalSection(ProjectConfigurationPlatforms) = postSolution
		{F5BA0522-257E-44CC-8E89-BC7D66AA7760}.Debug|Any CPU.ActiveCfg = Debug|Any CPU
		{F5BA0522-257E-44CC-8E89-BC7D66AA7760}.Debug|Any CPU.Build.0 = Debug|Any CPU
		{F5BA0522-257E-44CC-8E89-BC7D66AA7760}.Release|Any CPU.ActiveCfg = Release|Any CPU
		{F5BA0522-257E-44CC-8E89-BC7D66AA7760}.Release|Any CPU.Build.0 = Release|Any CPU
		{F5BA0522-257E-44CC-8E89-BC7D66AA7760}.Debug|iPhoneSimulator.ActiveCfg = Debug|Any CPU
		{F5BA0522-257E-44CC-8E89-BC7D66AA7760}.Debug|iPhoneSimulator.Build.0 = Debug|Any CPU
		{F5BA0522-257E-44CC-8E89-BC7D66AA7760}.Release|iPhoneSimulator.ActiveCfg = Release|Any CPU
		{F5BA0522-257E-44CC-8E89-BC7D66AA7760}.Release|iPhoneSimulator.Build.0 = Release|Any CPU
		{F5BA0522-257E-44CC-8E89-BC7D66AA7760}.Debug|iPhone.ActiveCfg = Debug|Any CPU
		{F5BA0522-257E-44CC-8E89-BC7D66AA7760}.Debug|iPhone.Build.0 = Debug|Any CPU
		{F5BA0522-257E-44CC-8E89-BC7D66AA7760}.Release|iPhone.ActiveCfg = Release|Any CPU
		{F5BA0522-257E-44CC-8E89-BC7D66AA7760}.Release|iPhone.Build.0 = Release|Any CPU
		{5656A26C-1EA4-4A03-B838-46B72A8A27C3}.Debug|Any CPU.ActiveCfg = Debug|iPhoneSimulator
		{5656A26C-1EA4-4A03-B838-46B72A8A27C3}.Debug|Any CPU.Build.0 = Debug|iPhoneSimulator
		{5656A26C-1EA4-4A03-B838-46B72A8A27C3}.Release|Any CPU.ActiveCfg = Release|iPhoneSimulator
		{5656A26C-1EA4-4A03-B838-46B72A8A27C3}.Release|Any CPU.Build.0 = Release|iPhoneSimulator
		{5656A26C-1EA4-4A03-B838-46B72A8A27C3}.Debug|iPhoneSimulator.ActiveCfg = Debug|iPhoneSimulator
		{5656A26C-1EA4-4A03-B838-46B72A8A27C3}.Debug|iPhoneSimulator.Build.0 = Debug|iPhoneSimulator
		{5656A26C-1EA4-4A03-B838-46B72A8A27C3}.Release|iPhoneSimulator.ActiveCfg = Release|iPhoneSimulator
		{5656A26C-1EA4-4A03-B838-46B72A8A27C3}.Release|iPhoneSimulator.Build.0 = Release|iPhoneSimulator
		{5656A26C-1EA4-4A03-B838-46B72A8A27C3}.Debug|iPhone.ActiveCfg = Debug|iPhone
		{5656A26C-1EA4-4A03-B838-46B72A8A27C3}.Debug|iPhone.Build.0 = Debug|iPhone
		{5656A26C-1EA4-4A03-B838-46B72A8A27C3}.Release|iPhone.ActiveCfg = Release|iPhone
		{5656A26C-1EA4-4A03-B838-46B72A8A27C3}.Release|iPhone.Build.0 = Release|iPhone
		{1CDE4AF5-AEF6-42F0-8AB3-4EC14FC2DC6F}.Debug|Any CPU.ActiveCfg = Debug|Any CPU
		{1CDE4AF5-AEF6-42F0-8AB3-4EC14FC2DC6F}.Debug|Any CPU.Build.0 = Debug|Any CPU
		{1CDE4AF5-AEF6-42F0-8AB3-4EC14FC2DC6F}.Release|Any CPU.ActiveCfg = Release|Any CPU
		{1CDE4AF5-AEF6-42F0-8AB3-4EC14FC2DC6F}.Release|Any CPU.Build.0 = Release|Any CPU
		{1CDE4AF5-AEF6-42F0-8AB3-4EC14FC2DC6F}.Debug|iPhoneSimulator.ActiveCfg = Debug|Any CPU
		{1CDE4AF5-AEF6-42F0-8AB3-4EC14FC2DC6F}.Debug|iPhoneSimulator.Build.0 = Debug|Any CPU
		{1CDE4AF5-AEF6-42F0-8AB3-4EC14FC2DC6F}.Release|iPhoneSimulator.ActiveCfg = Release|Any CPU
		{1CDE4AF5-AEF6-42F0-8AB3-4EC14FC2DC6F}.Release|iPhoneSimulator.Build.0 = Release|Any CPU
		{1CDE4AF5-AEF6-42F0-8AB3-4EC14FC2DC6F}.Debug|iPhone.ActiveCfg = Debug|Any CPU
		{1CDE4AF5-AEF6-42F0-8AB3-4EC14FC2DC6F}.Debug|iPhone.Build.0 = Debug|Any CPU
		{1CDE4AF5-AEF6-42F0-8AB3-4EC14FC2DC6F}.Release|iPhone.ActiveCfg = Release|Any CPU
		{1CDE4AF5-AEF6-42F0-8AB3-4EC14FC2DC6F}.Release|iPhone.Build.0 = Release|Any CPU
		{C5E3DBA0-C257-4867-B811-F4A8A0D4506F}.Debug|Any CPU.ActiveCfg = Debug|Any CPU
		{C5E3DBA0-C257-4867-B811-F4A8A0D4506F}.Debug|Any CPU.Build.0 = Debug|Any CPU
		{C5E3DBA0-C257-4867-B811-F4A8A0D4506F}.Release|Any CPU.ActiveCfg = Release|Any CPU
		{C5E3DBA0-C257-4867-B811-F4A8A0D4506F}.Release|Any CPU.Build.0 = Release|Any CPU
		{C5E3DBA0-C257-4867-B811-F4A8A0D4506F}.Debug|iPhoneSimulator.ActiveCfg = Debug|Any CPU
		{C5E3DBA0-C257-4867-B811-F4A8A0D4506F}.Debug|iPhoneSimulator.Build.0 = Debug|Any CPU
		{C5E3DBA0-C257-4867-B811-F4A8A0D4506F}.Release|iPhoneSimulator.ActiveCfg = Release|Any CPU
		{C5E3DBA0-C257-4867-B811-F4A8A0D4506F}.Release|iPhoneSimulator.Build.0 = Release|Any CPU
		{C5E3DBA0-C257-4867-B811-F4A8A0D4506F}.Debug|iPhone.ActiveCfg = Debug|Any CPU
		{C5E3DBA0-C257-4867-B811-F4A8A0D4506F}.Debug|iPhone.Build.0 = Debug|Any CPU
		{C5E3DBA0-C257-4867-B811-F4A8A0D4506F}.Release|iPhone.ActiveCfg = Release|Any CPU
		{C5E3DBA0-C257-4867-B811-F4A8A0D4506F}.Release|iPhone.Build.0 = Release|Any CPU
	EndGlobalSection
	GlobalSection(SolutionProperties) = preSolution
		HideSolutionNode = FALSE
	EndGlobalSection
	GlobalSection(ExtensibilityGlobals) = postSolution
		SolutionGuid = {15B84FF9-4132-42E0-9669-21428262462F}
	EndGlobalSection
EndGlobal
